
Microsoft Visual Studio Solution File, Format Version 12.00
# Visual Studio Version 16
VisualStudioVersion = 16.0.31605.320
MinimumVisualStudioVersion = 10.0.40219.1
Project("{9A19103F-16F7-4668-BE54-9A1E7A4F7556}") = "todoesteban.Common", "todoesteban.Common\todoesteban.Common.csproj", "{A9787891-77F2-4E8B-BD7D-8FFBB1CC519C}"
EndProject
Project("{9A19103F-16F7-4668-BE54-9A1E7A4F7556}") = "todoesteban.Functions", "todoesteban.Functions\todoesteban.Functions.csproj", "{3B55B363-1CCB-49B8-B922-E6FC3F21F8C9}"
EndProject
Project("{FAE04EC0-301F-11D3-BF4B-00C04F79EFBC}") = "todoesteban.Test", "todoesteban.Test\todoesteban.Test.csproj", "{F98810B7-10D9-4D79-B1FE-1DD69F7AC7F5}"
EndProject
Global
	GlobalSection(SolutionConfigurationPlatforms) = preSolution
		Debug|Any CPU = Debug|Any CPU
		Release|Any CPU = Release|Any CPU
	EndGlobalSection
	GlobalSection(ProjectConfigurationPlatforms) = postSolution
		{A9787891-77F2-4E8B-BD7D-8FFBB1CC519C}.Debug|Any CPU.ActiveCfg = Debug|Any CPU
		{A9787891-77F2-4E8B-BD7D-8FFBB1CC519C}.Debug|Any CPU.Build.0 = Debug|Any CPU
		{A9787891-77F2-4E8B-BD7D-8FFBB1CC519C}.Release|Any CPU.ActiveCfg = Release|Any CPU
		{A9787891-77F2-4E8B-BD7D-8FFBB1CC519C}.Release|Any CPU.Build.0 = Release|Any CPU
		{3B55B363-1CCB-49B8-B922-E6FC3F21F8C9}.Debug|Any CPU.ActiveCfg = Debug|Any CPU
		{3B55B363-1CCB-49B8-B922-E6FC3F21F8C9}.Debug|Any CPU.Build.0 = Debug|Any CPU
		{3B55B363-1CCB-49B8-B922-E6FC3F21F8C9}.Release|Any CPU.ActiveCfg = Release|Any CPU
		{3B55B363-1CCB-49B8-B922-E6FC3F21F8C9}.Release|Any CPU.Build.0 = Release|Any CPU
		{F98810B7-10D9-4D79-B1FE-1DD69F7AC7F5}.Debug|Any CPU.ActiveCfg = Debug|Any CPU
		{F98810B7-10D9-4D79-B1FE-1DD69F7AC7F5}.Debug|Any CPU.Build.0 = Debug|Any CPU
		{F98810B7-10D9-4D79-B1FE-1DD69F7AC7F5}.Release|Any CPU.ActiveCfg = Release|Any CPU
		{F98810B7-10D9-4D79-B1FE-1DD69F7AC7F5}.Release|Any CPU.Build.0 = Release|Any CPU
	EndGlobalSection
	GlobalSection(SolutionProperties) = preSolution
		HideSolutionNode = FALSE
	EndGlobalSection
	GlobalSection(ExtensibilityGlobals) = postSolution
		SolutionGuid = {B1D19991-EDD0-4613-83FE-386CAB156C15}
	EndGlobalSection
EndGlobal
